
Microsoft Visual Studio Solution File, Format Version 12.00
# Visual Studio 15
VisualStudioVersion = 15.0.27428.2043
MinimumVisualStudioVersion = 10.0.40219.1
Project("{FAE04EC0-301F-11D3-BF4B-00C04F79EFBC}") = "TDDBudgetCalculator01", "TDDBudgetCalculator01\TDDBudgetCalculator01.csproj", "{2E7526BA-55AE-47FF-A66F-86417418619C}"
EndProject
Global
	GlobalSection(SolutionConfigurationPlatforms) = preSolution
		Debug|Any CPU = Debug|Any CPU
		Release|Any CPU = Release|Any CPU
	EndGlobalSection
	GlobalSection(ProjectConfigurationPlatforms) = postSolution
		{2E7526BA-55AE-47FF-A66F-86417418619C}.Debug|Any CPU.ActiveCfg = Debug|Any CPU
		{2E7526BA-55AE-47FF-A66F-86417418619C}.Debug|Any CPU.Build.0 = Debug|Any CPU
		{2E7526BA-55AE-47FF-A66F-86417418619C}.Release|Any CPU.ActiveCfg = Release|Any CPU
		{2E7526BA-55AE-47FF-A66F-86417418619C}.Release|Any CPU.Build.0 = Release|Any CPU
	EndGlobalSection
	GlobalSection(SolutionProperties) = preSolution
		HideSolutionNode = FALSE
	EndGlobalSection
	GlobalSection(ExtensibilityGlobals) = postSolution
		SolutionGuid = {0BF26FAA-1D3F-4C51-AC25-A47A7987F5BA}
	EndGlobalSection
EndGlobal
